
Microsoft Visual Studio Solution File, Format Version 12.00
# Visual Studio Version 16
VisualStudioVersion = 16.0.30523.141
MinimumVisualStudioVersion = 10.0.40219.1
Project("{9A19103F-16F7-4668-BE54-9A1E7A4F7556}") = "BeesData.SharedData", "SharedData\BeesData.SharedData.csproj", "{63E0EF5B-2929-4C8E-B63A-BDA191A44EA7}"
EndProject
Project("{9A19103F-16F7-4668-BE54-9A1E7A4F7556}") = "BeesData.ServerData", "ServerData\BeesData.ServerData.csproj", "{221C600D-4022-421B-B8D4-77D3EE723370}"
EndProject
Project("{9A19103F-16F7-4668-BE54-9A1E7A4F7556}") = "BeesData.ClientData", "ClientData\BeesData.ClientData.csproj", "{8AEB7DF3-7FF1-47E5-9506-8FCD9FB3F03E}"
EndProject
Project("{FAE04EC0-301F-11D3-BF4B-00C04F79EFBC}") = "BeesData.Tests", "BeesData.Tests\BeesData.Tests.csproj", "{B3955D56-F303-415A-A049-74063510AE0D}"
EndProject
Global
	GlobalSection(SolutionConfigurationPlatforms) = preSolution
		Debug|Any CPU = Debug|Any CPU
		Release|Any CPU = Release|Any CPU
	EndGlobalSection
	GlobalSection(ProjectConfigurationPlatforms) = postSolution
		{63E0EF5B-2929-4C8E-B63A-BDA191A44EA7}.Debug|Any CPU.ActiveCfg = Debug|Any CPU
		{63E0EF5B-2929-4C8E-B63A-BDA191A44EA7}.Debug|Any CPU.Build.0 = Debug|Any CPU
		{63E0EF5B-2929-4C8E-B63A-BDA191A44EA7}.Release|Any CPU.ActiveCfg = Release|Any CPU
		{63E0EF5B-2929-4C8E-B63A-BDA191A44EA7}.Release|Any CPU.Build.0 = Release|Any CPU
		{221C600D-4022-421B-B8D4-77D3EE723370}.Debug|Any CPU.ActiveCfg = Debug|Any CPU
		{221C600D-4022-421B-B8D4-77D3EE723370}.Debug|Any CPU.Build.0 = Debug|Any CPU
		{221C600D-4022-421B-B8D4-77D3EE723370}.Release|Any CPU.ActiveCfg = Release|Any CPU
		{221C600D-4022-421B-B8D4-77D3EE723370}.Release|Any CPU.Build.0 = Release|Any CPU
		{8AEB7DF3-7FF1-47E5-9506-8FCD9FB3F03E}.Debug|Any CPU.ActiveCfg = Debug|Any CPU
		{8AEB7DF3-7FF1-47E5-9506-8FCD9FB3F03E}.Debug|Any CPU.Build.0 = Debug|Any CPU
		{8AEB7DF3-7FF1-47E5-9506-8FCD9FB3F03E}.Release|Any CPU.ActiveCfg = Release|Any CPU
		{8AEB7DF3-7FF1-47E5-9506-8FCD9FB3F03E}.Release|Any CPU.Build.0 = Release|Any CPU
		{B3955D56-F303-415A-A049-74063510AE0D}.Debug|Any CPU.ActiveCfg = Debug|Any CPU
		{B3955D56-F303-415A-A049-74063510AE0D}.Debug|Any CPU.Build.0 = Debug|Any CPU
		{B3955D56-F303-415A-A049-74063510AE0D}.Release|Any CPU.ActiveCfg = Release|Any CPU
		{B3955D56-F303-415A-A049-74063510AE0D}.Release|Any CPU.Build.0 = Release|Any CPU
	EndGlobalSection
	GlobalSection(SolutionProperties) = preSolution
		HideSolutionNode = FALSE
	EndGlobalSection
	GlobalSection(ExtensibilityGlobals) = postSolution
		SolutionGuid = {4B4B5C82-1201-4F92-AA80-08EE75F3E452}
	EndGlobalSection
EndGlobal
